# This file is autogenerated, do not edit; changes may be undone by the next 'dep ensure'.


[[projects]]
  name = "github.com/golang/mock"
  packages = ["gomock"]
  revision = "51421b967af1f557f93a59e0057aaf15ca02e29c"
  version = "v1.2.0"

[solve-meta]
  analyzer-name = "dep"
  analyzer-version = 1
  inputs-digest = "926eb2ebfa68b0b0c883ec5a7f201ddd3c013e7e16ba99fc3710d9ed1a57e1b3"
  solver-name = "gps-cdcl"
  solver-version = 1
