# This file is autogenerated, do not edit; changes may be undone by the next 'dep ensure'.


[[projects]]
  branch = "master"
  name = "github.com/zenform/go-zendesk"
  packages = [
    ".",
    "common",
    "core"
  ]
  revision = "53402e972f0bafbe3b33a0d35f306970470ca896"

[solve-meta]
  analyzer-name = "dep"
  analyzer-version = 1
  inputs-digest = "ff690e39f23f6fa90de8353a5e706eda0a57e1185b652af80c5f66a1212129b9"
  solver-name = "gps-cdcl"
  solver-version = 1
